
Microsoft Visual Studio Solution File, Format Version 12.00
# Visual Studio Version 17
VisualStudioVersion = 17.9.34607.119
MinimumVisualStudioVersion = 10.0.40219.1
Project("{9A19103F-16F7-4668-BE54-9A1E7A4F7556}") = "PASS 2024 T2", "PASS 2024 T2\PASS 2024 T2.csproj", "{C3C0D2C5-6D87-4A33-837D-9AD5D36B2F66}"
EndProject
Project("{9A19103F-16F7-4668-BE54-9A1E7A4F7556}") = "Week3", "Week3\Week3.csproj", "{8F5721CB-59CB-4612-94A8-5ADF380C0533}"
EndProject
Project("{9A19103F-16F7-4668-BE54-9A1E7A4F7556}") = "Week4", "Week4\Week4.csproj", "{EF39B1B9-97AA-4FFE-B917-47BBAB40A388}"
EndProject
Project("{9A19103F-16F7-4668-BE54-9A1E7A4F7556}") = "Week5", "Week5\Week5.csproj", "{FF8E9950-D435-404B-951D-2E61D33C8CCC}"
EndProject
Project("{FAE04EC0-301F-11D3-BF4B-00C04F79EFBC}") = "PASS WK6", "PASS WK6\PASS WK6.csproj", "{D4B01AD7-424F-4C9F-B89F-D45BA974339B}"
EndProject
Global
	GlobalSection(SolutionConfigurationPlatforms) = preSolution
		Debug|Any CPU = Debug|Any CPU
		Release|Any CPU = Release|Any CPU
	EndGlobalSection
	GlobalSection(ProjectConfigurationPlatforms) = postSolution
		{C3C0D2C5-6D87-4A33-837D-9AD5D36B2F66}.Debug|Any CPU.ActiveCfg = Debug|Any CPU
		{C3C0D2C5-6D87-4A33-837D-9AD5D36B2F66}.Debug|Any CPU.Build.0 = Debug|Any CPU
		{C3C0D2C5-6D87-4A33-837D-9AD5D36B2F66}.Release|Any CPU.ActiveCfg = Release|Any CPU
		{C3C0D2C5-6D87-4A33-837D-9AD5D36B2F66}.Release|Any CPU.Build.0 = Release|Any CPU
		{8F5721CB-59CB-4612-94A8-5ADF380C0533}.Debug|Any CPU.ActiveCfg = Debug|Any CPU
		{8F5721CB-59CB-4612-94A8-5ADF380C0533}.Debug|Any CPU.Build.0 = Debug|Any CPU
		{8F5721CB-59CB-4612-94A8-5ADF380C0533}.Release|Any CPU.ActiveCfg = Release|Any CPU
		{8F5721CB-59CB-4612-94A8-5ADF380C0533}.Release|Any CPU.Build.0 = Release|Any CPU
		{EF39B1B9-97AA-4FFE-B917-47BBAB40A388}.Debug|Any CPU.ActiveCfg = Debug|Any CPU
		{EF39B1B9-97AA-4FFE-B917-47BBAB40A388}.Debug|Any CPU.Build.0 = Debug|Any CPU
		{EF39B1B9-97AA-4FFE-B917-47BBAB40A388}.Release|Any CPU.ActiveCfg = Release|Any CPU
		{EF39B1B9-97AA-4FFE-B917-47BBAB40A388}.Release|Any CPU.Build.0 = Release|Any CPU
		{FF8E9950-D435-404B-951D-2E61D33C8CCC}.Debug|Any CPU.ActiveCfg = Debug|Any CPU
		{FF8E9950-D435-404B-951D-2E61D33C8CCC}.Debug|Any CPU.Build.0 = Debug|Any CPU
		{FF8E9950-D435-404B-951D-2E61D33C8CCC}.Release|Any CPU.ActiveCfg = Release|Any CPU
		{FF8E9950-D435-404B-951D-2E61D33C8CCC}.Release|Any CPU.Build.0 = Release|Any CPU
		{D4B01AD7-424F-4C9F-B89F-D45BA974339B}.Debug|Any CPU.ActiveCfg = Debug|Any CPU
		{D4B01AD7-424F-4C9F-B89F-D45BA974339B}.Debug|Any CPU.Build.0 = Debug|Any CPU
		{D4B01AD7-424F-4C9F-B89F-D45BA974339B}.Release|Any CPU.ActiveCfg = Release|Any CPU
		{D4B01AD7-424F-4C9F-B89F-D45BA974339B}.Release|Any CPU.Build.0 = Release|Any CPU
	EndGlobalSection
	GlobalSection(SolutionProperties) = preSolution
		HideSolutionNode = FALSE
	EndGlobalSection
	GlobalSection(ExtensibilityGlobals) = postSolution
		SolutionGuid = {BA6797A7-A7FC-4192-924C-E43B7703F575}
	EndGlobalSection
EndGlobal
